
Microsoft Visual Studio Solution File, Format Version 12.00
# Visual Studio Version 16
VisualStudioVersion = 16.0.31911.196
MinimumVisualStudioVersion = 10.0.40219.1
Project("{FAE04EC0-301F-11D3-BF4B-00C04F79EFBC}") = "Lab03 - WpfApp", "Lab03 - WpfApp.csproj", "{F7499D72-5BCA-4183-9028-1D69B21DB5B7}"
EndProject
Global
	GlobalSection(SolutionConfigurationPlatforms) = preSolution
		Debug|Any CPU = Debug|Any CPU
		Release|Any CPU = Release|Any CPU
	EndGlobalSection
	GlobalSection(ProjectConfigurationPlatforms) = postSolution
		{F7499D72-5BCA-4183-9028-1D69B21DB5B7}.Debug|Any CPU.ActiveCfg = Debug|Any CPU
		{F7499D72-5BCA-4183-9028-1D69B21DB5B7}.Debug|Any CPU.Build.0 = Debug|Any CPU
		{F7499D72-5BCA-4183-9028-1D69B21DB5B7}.Release|Any CPU.ActiveCfg = Release|Any CPU
		{F7499D72-5BCA-4183-9028-1D69B21DB5B7}.Release|Any CPU.Build.0 = Release|Any CPU
	EndGlobalSection
	GlobalSection(SolutionProperties) = preSolution
		HideSolutionNode = FALSE
	EndGlobalSection
	GlobalSection(ExtensibilityGlobals) = postSolution
		SolutionGuid = {4231EEF4-1267-4CE3-9375-1B4744522776}
	EndGlobalSection
EndGlobal
